
Microsoft Visual Studio Solution File, Format Version 12.00
# Visual Studio Version 17
VisualStudioVersion = 17.3.32804.467
MinimumVisualStudioVersion = 10.0.40219.1
Project("{9A19103F-16F7-4668-BE54-9A1E7A4F7556}") = "POI", "POI\POI.csproj", "{E0F559D8-6223-4709-899B-1C1BE514EF61}"
	ProjectSection(ProjectDependencies) = postProject
		{741A2ABF-19A7-4763-B632-EA067B5C1F1E} = {741A2ABF-19A7-4763-B632-EA067B5C1F1E}
		{CC282930-1850-4E85-BCD9-45E7B9526C47} = {CC282930-1850-4E85-BCD9-45E7B9526C47}
	EndProjectSection
EndProject
Project("{9A19103F-16F7-4668-BE54-9A1E7A4F7556}") = "Application", "Application\Application.csproj", "{CC282930-1850-4E85-BCD9-45E7B9526C47}"
	ProjectSection(ProjectDependencies) = postProject
		{306EB495-612E-4C95-A4FF-2AC60A44E5A3} = {306EB495-612E-4C95-A4FF-2AC60A44E5A3}
	EndProjectSection
EndProject
Project("{9A19103F-16F7-4668-BE54-9A1E7A4F7556}") = "Domain", "Domain\Domain.csproj", "{306EB495-612E-4C95-A4FF-2AC60A44E5A3}"
EndProject
Project("{9A19103F-16F7-4668-BE54-9A1E7A4F7556}") = "Infrastructure", "Infrastructure\Infrastructure.csproj", "{741A2ABF-19A7-4763-B632-EA067B5C1F1E}"
	ProjectSection(ProjectDependencies) = postProject
		{306EB495-612E-4C95-A4FF-2AC60A44E5A3} = {306EB495-612E-4C95-A4FF-2AC60A44E5A3}
		{CC282930-1850-4E85-BCD9-45E7B9526C47} = {CC282930-1850-4E85-BCD9-45E7B9526C47}
	EndProjectSection
EndProject
Global
	GlobalSection(SolutionConfigurationPlatforms) = preSolution
		Debug|Any CPU = Debug|Any CPU
		Release|Any CPU = Release|Any CPU
	EndGlobalSection
	GlobalSection(ProjectConfigurationPlatforms) = postSolution
		{E0F559D8-6223-4709-899B-1C1BE514EF61}.Debug|Any CPU.ActiveCfg = Debug|Any CPU
		{E0F559D8-6223-4709-899B-1C1BE514EF61}.Debug|Any CPU.Build.0 = Debug|Any CPU
		{E0F559D8-6223-4709-899B-1C1BE514EF61}.Release|Any CPU.ActiveCfg = Release|Any CPU
		{E0F559D8-6223-4709-899B-1C1BE514EF61}.Release|Any CPU.Build.0 = Release|Any CPU
		{CC282930-1850-4E85-BCD9-45E7B9526C47}.Debug|Any CPU.ActiveCfg = Debug|Any CPU
		{CC282930-1850-4E85-BCD9-45E7B9526C47}.Debug|Any CPU.Build.0 = Debug|Any CPU
		{CC282930-1850-4E85-BCD9-45E7B9526C47}.Release|Any CPU.ActiveCfg = Release|Any CPU
		{CC282930-1850-4E85-BCD9-45E7B9526C47}.Release|Any CPU.Build.0 = Release|Any CPU
		{306EB495-612E-4C95-A4FF-2AC60A44E5A3}.Debug|Any CPU.ActiveCfg = Debug|Any CPU
		{306EB495-612E-4C95-A4FF-2AC60A44E5A3}.Debug|Any CPU.Build.0 = Debug|Any CPU
		{306EB495-612E-4C95-A4FF-2AC60A44E5A3}.Release|Any CPU.ActiveCfg = Release|Any CPU
		{306EB495-612E-4C95-A4FF-2AC60A44E5A3}.Release|Any CPU.Build.0 = Release|Any CPU
		{741A2ABF-19A7-4763-B632-EA067B5C1F1E}.Debug|Any CPU.ActiveCfg = Debug|Any CPU
		{741A2ABF-19A7-4763-B632-EA067B5C1F1E}.Debug|Any CPU.Build.0 = Debug|Any CPU
		{741A2ABF-19A7-4763-B632-EA067B5C1F1E}.Release|Any CPU.ActiveCfg = Release|Any CPU
		{741A2ABF-19A7-4763-B632-EA067B5C1F1E}.Release|Any CPU.Build.0 = Release|Any CPU
	EndGlobalSection
	GlobalSection(SolutionProperties) = preSolution
		HideSolutionNode = FALSE
	EndGlobalSection
	GlobalSection(ExtensibilityGlobals) = postSolution
		SolutionGuid = {D1F4A985-F172-45C7-AAE1-4F74A2432C11}
	EndGlobalSection
EndGlobal
